
Microsoft Visual Studio Solution File, Format Version 12.00
# Visual Studio Version 17
VisualStudioVersion = 17.7.34202.233
MinimumVisualStudioVersion = 10.0.40219.1
Project("{9A19103F-16F7-4668-BE54-9A1E7A4F7556}") = "ProductService", "ProductService\ProductService.csproj", "{57B71B7D-3A0A-46E5-8F5F-00FC4D56C1F6}"
EndProject
Project("{FAE04EC0-301F-11D3-BF4B-00C04F79EFBC}") = "OrderService", "OrderService\OrderService.csproj", "{025CD356-6847-423A-8F1B-184DBF3E2C39}"
EndProject
Global
	GlobalSection(SolutionConfigurationPlatforms) = preSolution
		Debug|Any CPU = Debug|Any CPU
		Release|Any CPU = Release|Any CPU
	EndGlobalSection
	GlobalSection(ProjectConfigurationPlatforms) = postSolution
		{57B71B7D-3A0A-46E5-8F5F-00FC4D56C1F6}.Debug|Any CPU.ActiveCfg = Debug|Any CPU
		{57B71B7D-3A0A-46E5-8F5F-00FC4D56C1F6}.Debug|Any CPU.Build.0 = Debug|Any CPU
		{57B71B7D-3A0A-46E5-8F5F-00FC4D56C1F6}.Release|Any CPU.ActiveCfg = Release|Any CPU
		{57B71B7D-3A0A-46E5-8F5F-00FC4D56C1F6}.Release|Any CPU.Build.0 = Release|Any CPU
		{025CD356-6847-423A-8F1B-184DBF3E2C39}.Debug|Any CPU.ActiveCfg = Debug|Any CPU
		{025CD356-6847-423A-8F1B-184DBF3E2C39}.Debug|Any CPU.Build.0 = Debug|Any CPU
		{025CD356-6847-423A-8F1B-184DBF3E2C39}.Release|Any CPU.ActiveCfg = Release|Any CPU
		{025CD356-6847-423A-8F1B-184DBF3E2C39}.Release|Any CPU.Build.0 = Release|Any CPU
	EndGlobalSection
	GlobalSection(SolutionProperties) = preSolution
		HideSolutionNode = FALSE
	EndGlobalSection
	GlobalSection(ExtensibilityGlobals) = postSolution
		SolutionGuid = {A78323FB-4140-46F5-9307-E9AB7597476E}
	EndGlobalSection
EndGlobal
